
Microsoft Visual Studio Solution File, Format Version 12.00
# Visual Studio Version 17
VisualStudioVersion = 17.10.34928.147
MinimumVisualStudioVersion = 10.0.40219.1
Project("{FAE04EC0-301F-11D3-BF4B-00C04F79EFBC}") = "Dizi Elemanları Toplama Ortalama", "Dizi Elemanları Toplama Ortalama\Dizi Elemanları Toplama Ortalama.csproj", "{4A34D98D-6AB4-4D88-908C-1F0852F4C444}"
EndProject
Global
	GlobalSection(SolutionConfigurationPlatforms) = preSolution
		Debug|Any CPU = Debug|Any CPU
		Release|Any CPU = Release|Any CPU
	EndGlobalSection
	GlobalSection(ProjectConfigurationPlatforms) = postSolution
		{4A34D98D-6AB4-4D88-908C-1F0852F4C444}.Debug|Any CPU.ActiveCfg = Debug|Any CPU
		{4A34D98D-6AB4-4D88-908C-1F0852F4C444}.Debug|Any CPU.Build.0 = Debug|Any CPU
		{4A34D98D-6AB4-4D88-908C-1F0852F4C444}.Release|Any CPU.ActiveCfg = Release|Any CPU
		{4A34D98D-6AB4-4D88-908C-1F0852F4C444}.Release|Any CPU.Build.0 = Release|Any CPU
	EndGlobalSection
	GlobalSection(SolutionProperties) = preSolution
		HideSolutionNode = FALSE
	EndGlobalSection
	GlobalSection(ExtensibilityGlobals) = postSolution
		SolutionGuid = {E3A1F15D-796D-49DA-BCFF-FA08A4CFF0EA}
	EndGlobalSection
EndGlobal
