
Microsoft Visual Studio Solution File, Format Version 12.00
# Visual Studio Version 17
VisualStudioVersion = 17.10.34928.147
MinimumVisualStudioVersion = 10.0.40219.1
Project("{FAE04EC0-301F-11D3-BF4B-00C04F79EFBC}") = "Artık Yıl Hesaplama", "Artık Yıl Hesaplama\Artık Yıl Hesaplama.csproj", "{DDCA8AF4-372D-4326-BB25-EBE6EE193EA7}"
EndProject
Global
	GlobalSection(SolutionConfigurationPlatforms) = preSolution
		Debug|Any CPU = Debug|Any CPU
		Release|Any CPU = Release|Any CPU
	EndGlobalSection
	GlobalSection(ProjectConfigurationPlatforms) = postSolution
		{DDCA8AF4-372D-4326-BB25-EBE6EE193EA7}.Debug|Any CPU.ActiveCfg = Debug|Any CPU
		{DDCA8AF4-372D-4326-BB25-EBE6EE193EA7}.Debug|Any CPU.Build.0 = Debug|Any CPU
		{DDCA8AF4-372D-4326-BB25-EBE6EE193EA7}.Release|Any CPU.ActiveCfg = Release|Any CPU
		{DDCA8AF4-372D-4326-BB25-EBE6EE193EA7}.Release|Any CPU.Build.0 = Release|Any CPU
	EndGlobalSection
	GlobalSection(SolutionProperties) = preSolution
		HideSolutionNode = FALSE
	EndGlobalSection
	GlobalSection(ExtensibilityGlobals) = postSolution
		SolutionGuid = {0CC13ABA-EC68-4D80-93F2-D714CB155284}
	EndGlobalSection
EndGlobal
