
Microsoft Visual Studio Solution File, Format Version 12.00
# Visual Studio Version 17
VisualStudioVersion = 17.10.34928.147
MinimumVisualStudioVersion = 10.0.40219.1
Project("{FAE04EC0-301F-11D3-BF4B-00C04F79EFBC}") = "Asal Sayı Kontrol", "Asal Sayı Kontrol\Asal Sayı Kontrol.csproj", "{650DBA6F-3326-4C93-91E7-13835CAAC779}"
EndProject
Global
	GlobalSection(SolutionConfigurationPlatforms) = preSolution
		Debug|Any CPU = Debug|Any CPU
		Release|Any CPU = Release|Any CPU
	EndGlobalSection
	GlobalSection(ProjectConfigurationPlatforms) = postSolution
		{650DBA6F-3326-4C93-91E7-13835CAAC779}.Debug|Any CPU.ActiveCfg = Debug|Any CPU
		{650DBA6F-3326-4C93-91E7-13835CAAC779}.Debug|Any CPU.Build.0 = Debug|Any CPU
		{650DBA6F-3326-4C93-91E7-13835CAAC779}.Release|Any CPU.ActiveCfg = Release|Any CPU
		{650DBA6F-3326-4C93-91E7-13835CAAC779}.Release|Any CPU.Build.0 = Release|Any CPU
	EndGlobalSection
	GlobalSection(SolutionProperties) = preSolution
		HideSolutionNode = FALSE
	EndGlobalSection
	GlobalSection(ExtensibilityGlobals) = postSolution
		SolutionGuid = {A14416A9-BA14-49CA-9D3E-DDE77FBEBCFD}
	EndGlobalSection
EndGlobal
